
Microsoft Visual Studio Solution File, Format Version 12.00
Project("{FAE04EC0-301F-11D3-BF4B-00C04F79EFBC}") = "ApiSurfaceHash.Tests", "ApiSurfaceHash.Tests\ApiSurfaceHash.Tests.csproj", "{B827A05F-1FFB-483C-95E7-6A252F6FEC1D}"
EndProject
Project("{FAE04EC0-301F-11D3-BF4B-00C04F79EFBC}") = "ApiSurfaceHash", "ApiSurfaceHash\ApiSurfaceHash.csproj", "{22D1507D-E54E-4252-960D-BF085DBD703F}"
EndProject
Global
	GlobalSection(SolutionConfigurationPlatforms) = preSolution
		Debug|Any CPU = Debug|Any CPU
		Release|Any CPU = Release|Any CPU
	EndGlobalSection
	GlobalSection(ProjectConfigurationPlatforms) = postSolution
		{B827A05F-1FFB-483C-95E7-6A252F6FEC1D}.Debug|Any CPU.ActiveCfg = Debug|Any CPU
		{B827A05F-1FFB-483C-95E7-6A252F6FEC1D}.Debug|Any CPU.Build.0 = Debug|Any CPU
		{B827A05F-1FFB-483C-95E7-6A252F6FEC1D}.Release|Any CPU.ActiveCfg = Release|Any CPU
		{B827A05F-1FFB-483C-95E7-6A252F6FEC1D}.Release|Any CPU.Build.0 = Release|Any CPU
		{22D1507D-E54E-4252-960D-BF085DBD703F}.Debug|Any CPU.ActiveCfg = Debug|Any CPU
		{22D1507D-E54E-4252-960D-BF085DBD703F}.Debug|Any CPU.Build.0 = Debug|Any CPU
		{22D1507D-E54E-4252-960D-BF085DBD703F}.Release|Any CPU.ActiveCfg = Release|Any CPU
		{22D1507D-E54E-4252-960D-BF085DBD703F}.Release|Any CPU.Build.0 = Release|Any CPU
	EndGlobalSection
EndGlobal
